
Microsoft Visual Studio Solution File, Format Version 12.00
# Visual Studio Version 17
VisualStudioVersion = 17.7.34031.279
MinimumVisualStudioVersion = 10.0.40219.1
Project("{FAE04EC0-301F-11D3-BF4B-00C04F79EFBC}") = "CRUD", "CRUD\CRUD.csproj", "{610DCBAC-A37F-4A7E-BD9C-864964401B7E}"
EndProject
Global
	GlobalSection(SolutionConfigurationPlatforms) = preSolution
		Debug|Any CPU = Debug|Any CPU
		Release|Any CPU = Release|Any CPU
	EndGlobalSection
	GlobalSection(ProjectConfigurationPlatforms) = postSolution
		{610DCBAC-A37F-4A7E-BD9C-864964401B7E}.Debug|Any CPU.ActiveCfg = Debug|Any CPU
		{610DCBAC-A37F-4A7E-BD9C-864964401B7E}.Debug|Any CPU.Build.0 = Debug|Any CPU
		{610DCBAC-A37F-4A7E-BD9C-864964401B7E}.Release|Any CPU.ActiveCfg = Release|Any CPU
		{610DCBAC-A37F-4A7E-BD9C-864964401B7E}.Release|Any CPU.Build.0 = Release|Any CPU
	EndGlobalSection
	GlobalSection(SolutionProperties) = preSolution
		HideSolutionNode = FALSE
	EndGlobalSection
	GlobalSection(ExtensibilityGlobals) = postSolution
		SolutionGuid = {1C14898B-FACB-437D-B4F0-A665FACC37DE}
	EndGlobalSection
EndGlobal
